Microsoft Visual Studio Solution File, Format Version 12.00
# Visual Studio Version 16
VisualStudioVersion = 16.0.29905.134
MinimumVisualStudioVersion = 10.0.40219.1
Project("{8BC9CEB8-8B4A-11D0-8D11-00A0C91BC942}") = "1122OOPMid01", "1122OOPMid01\1122OOPMid01.vcxproj", "{AEBB8AA0-F402-4627-AB17-7FBF616A1DB1}"
EndProject
Project("{8BC9CEB8-8B4A-11D0-8D11-00A0C91BC942}") = "1122OOPMid02", "1122OOPMid02\1122OOPMid02.vcxproj", "{C8C3FE66-DA87-41E5-B261-4BBBE7A6C9DB}"
EndProject
Project("{8BC9CEB8-8B4A-11D0-8D11-00A0C91BC942}") = "1122OOPMid03", "1122OOPMid03\1122OOPMid03.vcxproj", "{C3234CE4-0EB7-48D0-9735-37E810E4DA5E}"
EndProject
Project("{8BC9CEB8-8B4A-11D0-8D11-00A0C91BC942}") = "1122OOPMid04", "1122OOPMid04\1122OOPMid04.vcxproj", "{63748CE0-7059-471F-A593-6A7F749BD8E5}"
EndProject
Project("{8BC9CEB8-8B4A-11D0-8D11-00A0C91BC942}") = "1122OOPMid05", "1122OOPMid05\1122OOPMid05.vcxproj", "{37BECEBD-A438-4E10-95FC-A52BF7DDC18F}"
EndProject
Project("{8BC9CEB8-8B4A-11D0-8D11-00A0C91BC942}") = "1122OOPMid06", "1122OOPMid06\1122OOPMid06.vcxproj", "{1130D37F-BB56-46A6-8D19-44FC849A301B}"
EndProject
Global
	GlobalSection(SolutionConfigurationPlatforms) = preSolution
		Debug|x64 = Debug|x64
		Debug|x86 = Debug|x86
		Release|x64 = Release|x64
		Release|x86 = Release|x86
	EndGlobalSection
	GlobalSection(ProjectConfigurationPlatforms) = postSolution
		{AEBB8AA0-F402-4627-AB17-7FBF616A1DB1}.Debug|x64.ActiveCfg = Debug|x64
		{AEBB8AA0-F402-4627-AB17-7FBF616A1DB1}.Debug|x64.Build.0 = Debug|x64
		{AEBB8AA0-F402-4627-AB17-7FBF616A1DB1}.Debug|x86.ActiveCfg = Debug|Win32
		{AEBB8AA0-F402-4627-AB17-7FBF616A1DB1}.Debug|x86.Build.0 = Debug|Win32
		{AEBB8AA0-F402-4627-AB17-7FBF616A1DB1}.Release|x64.ActiveCfg = Release|x64
		{AEBB8AA0-F402-4627-AB17-7FBF616A1DB1}.Release|x64.Build.0 = Release|x64
		{AEBB8AA0-F402-4627-AB17-7FBF616A1DB1}.Release|x86.ActiveCfg = Release|Win32
		{AEBB8AA0-F402-4627-AB17-7FBF616A1DB1}.Release|x86.Build.0 = Release|Win32
		{C8C3FE66-DA87-41E5-B261-4BBBE7A6C9DB}.Debug|x64.ActiveCfg = Debug|x64
		{C8C3FE66-DA87-41E5-B261-4BBBE7A6C9DB}.Debug|x64.Build.0 = Debug|x64
		{C8C3FE66-DA87-41E5-B261-4BBBE7A6C9DB}.Debug|x86.ActiveCfg = Debug|Win32
		{C8C3FE66-DA87-41E5-B261-4BBBE7A6C9DB}.Debug|x86.Build.0 = Debug|Win32
		{C8C3FE66-DA87-41E5-B261-4BBBE7A6C9DB}.Release|x64.ActiveCfg = Release|x64
		{C8C3FE66-DA87-41E5-B261-4BBBE7A6C9DB}.Release|x64.Build.0 = Release|x64
		{C8C3FE66-DA87-41E5-B261-4BBBE7A6C9DB}.Release|x86.ActiveCfg = Release|Win32
		{C8C3FE66-DA87-41E5-B261-4BBBE7A6C9DB}.Release|x86.Build.0 = Release|Win32
		{C3234CE4-0EB7-48D0-9735-37E810E4DA5E}.Debug|x64.ActiveCfg = Debug|x64
		{C3234CE4-0EB7-48D0-9735-37E810E4DA5E}.Debug|x64.Build.0 = Debug|x64
		{C3234CE4-0EB7-48D0-9735-37E810E4DA5E}.Debug|x86.ActiveCfg = Debug|Win32
		{C3234CE4-0EB7-48D0-9735-37E810E4DA5E}.Debug|x86.Build.0 = Debug|Win32
		{C3234CE4-0EB7-48D0-9735-37E810E4DA5E}.Release|x64.ActiveCfg = Release|x64
		{C3234CE4-0EB7-48D0-9735-37E810E4DA5E}.Release|x64.Build.0 = Release|x64
		{C3234CE4-0EB7-48D0-9735-37E810E4DA5E}.Release|x86.ActiveCfg = Release|Win32
		{C3234CE4-0EB7-48D0-9735-37E810E4DA5E}.Release|x86.Build.0 = Release|Win32
		{63748CE0-7059-471F-A593-6A7F749BD8E5}.Debug|x64.ActiveCfg = Debug|x64
		{63748CE0-7059-471F-A593-6A7F749BD8E5}.Debug|x64.Build.0 = Debug|x64
		{63748CE0-7059-471F-A593-6A7F749BD8E5}.Debug|x86.ActiveCfg = Debug|Win32
		{63748CE0-7059-471F-A593-6A7F749BD8E5}.Debug|x86.Build.0 = Debug|Win32
		{63748CE0-7059-471F-A593-6A7F749BD8E5}.Release|x64.ActiveCfg = Release|x64
		{63748CE0-7059-471F-A593-6A7F749BD8E5}.Release|x64.Build.0 = Release|x64
		{63748CE0-7059-471F-A593-6A7F749BD8E5}.Release|x86.ActiveCfg = Release|Win32
		{63748CE0-7059-471F-A593-6A7F749BD8E5}.Release|x86.Build.0 = Release|Win32
		{37BECEBD-A438-4E10-95FC-A52BF7DDC18F}.Debug|x64.ActiveCfg = Debug|x64
		{37BECEBD-A438-4E10-95FC-A52BF7DDC18F}.Debug|x64.Build.0 = Debug|x64
		{37BECEBD-A438-4E10-95FC-A52BF7DDC18F}.Debug|x86.ActiveCfg = Debug|Win32
		{37BECEBD-A438-4E10-95FC-A52BF7DDC18F}.Debug|x86.Build.0 = Debug|Win32
		{37BECEBD-A438-4E10-95FC-A52BF7DDC18F}.Release|x64.ActiveCfg = Release|x64
		{37BECEBD-A438-4E10-95FC-A52BF7DDC18F}.Release|x64.Build.0 = Release|x64
		{37BECEBD-A438-4E10-95FC-A52BF7DDC18F}.Release|x86.ActiveCfg = Release|Win32
		{37BECEBD-A438-4E10-95FC-A52BF7DDC18F}.Release|x86.Build.0 = Release|Win32
		{1130D37F-BB56-46A6-8D19-44FC849A301B}.Debug|x64.ActiveCfg = Debug|x64
		{1130D37F-BB56-46A6-8D19-44FC849A301B}.Debug|x64.Build.0 = Debug|x64
		{1130D37F-BB56-46A6-8D19-44FC849A301B}.Debug|x86.ActiveCfg = Debug|Win32
		{1130D37F-BB56-46A6-8D19-44FC849A301B}.Debug|x86.Build.0 = Debug|Win32
		{1130D37F-BB56-46A6-8D19-44FC849A301B}.Release|x64.ActiveCfg = Release|x64
		{1130D37F-BB56-46A6-8D19-44FC849A301B}.Release|x64.Build.0 = Release|x64
		{1130D37F-BB56-46A6-8D19-44FC849A301B}.Release|x86.ActiveCfg = Release|Win32
		{1130D37F-BB56-46A6-8D19-44FC849A301B}.Release|x86.Build.0 = Release|Win32
	EndGlobalSection
	GlobalSection(SolutionProperties) = preSolution
		HideSolutionNode = FALSE
	EndGlobalSection
	GlobalSection(ExtensibilityGlobals) = postSolution
		SolutionGuid = {C306BC94-FEA3-4905-BBE1-311FCCD07E4F}
	EndGlobalSection
EndGlobal
